// !$*UTF8*$!
{
	archiveVersion = 1;
	classes = {
	};
	objectVersion = 46;
	objects = {

/* Begin PBXBuildFile section */
		68DD0FE01B614FB000E92DD7 /* main.swift in Sources */ = {isa = PBXBuildFile; fileRef = 68DD0FDF1B614FB000E92DD7 /* main.swift */; };
		68DD0FE71B614FE200E92DD7 /* LibreriaDelJuego.swift in Sources */ = {isa = PBXBuildFile; fileRef = 68DD0FE61B614FE200E92DD7 /* LibreriaDelJuego.swift */; };
/* End PBXBuildFile section */

/* Begin PBXCopyFilesBuildPhase section */
		68DD0FDA1B614FB000E92DD7 /* CopyFiles */ = {
			isa = PBXCopyFilesBuildPhase;
			buildActionMask = 2147483647;
			dstPath = /usr/share/man/man1/;
			dstSubfolderSpec = 0;
			files = (
			);
			runOnlyForDeploymentPostprocessing = 1;
		};
/* End PBXCopyFilesBuildPhase section */

/* Begin PBXFileReference section */
		68DD0FDC1B614FB000E92DD7 /* JuegoAdivinaTexto */ = {isa = PBXFileReference; explicitFileType = "compiled.mach-o.executable"; includeInIndex = 0; path = JuegoAdivinaTexto; sourceTree = BUILT_PRODUCTS_DIR; };
		68DD0FDF1B614FB000E92DD7 /* main.swift */ = {isa = PBXFileReference; lastKnownFileType = sourcecode.swift; path = main.swift; sourceTree = "<group>"; };
		68DD0FE61B614FE200E92DD7 /* LibreriaDelJuego.swift */ = {isa = PBXFileReference; fileEncoding = 4; lastKnownFileType = sourcecode.swift; path = LibreriaDelJuego.swift; sourceTree = "<group>"; };
/* End PBXFileReference section */

/* Begin PBXFrameworksBuildPhase section */
		68DD0FD91B614FB000E92DD7 /* Frameworks */ = {
			isa = PBXFrameworksBuildPhase;
			buildActionMask = 2147483647;
			files = (
			);
			runOnlyForDeploymentPostprocessing = 0;
		};
/* End PBXFrameworksBuildPhase section */

/* Begin PBXGroup section */
		68DD0FD31B614FB000E92DD7 = {
			isa = PBXGroup;
			children = (
				68DD0FDE1B614FB000E92DD7 /* JuegoAdivinaTexto */,
				68DD0FDD1B614FB000E92DD7 /* Products */,
			);
			sourceTree = "<group>";
		};
		68DD0FDD1B614FB000E92DD7 /* Products */ = {
			isa = PBXGroup;
			children = (
				68DD0FDC1B614FB000E92DD7 /* JuegoAdivinaTexto */,
			);
			name = Products;
			sourceTree = "<group>";
		};
		68DD0FDE1B614FB000E92DD7 /* JuegoAdivinaTexto */ = {
			isa = PBXGroup;
			children = (
				68DD0FDF1B614FB000E92DD7 /* main.swift */,
				68DD0FE61B614FE200E92DD7 /* LibreriaDelJuego.swift */,
			);
			path = JuegoAdivinaTexto;
			sourceTree = "<group>";
		};
/* End PBXGroup section */

/* Begin PBXNativeTarget section */
		68DD0FDB1B614FB000E92DD7 /* JuegoAdivinaTexto */ = {
			isa = PBXNativeTarget;
			buildConfigurationList = 68DD0FE31B614FB000E92DD7 /* Build configuration list for PBXNativeTarget "JuegoAdivinaTexto" */;
			buildPhases = (
				68DD0FD81B614FB000E92DD7 /* Sources */,
				68DD0FD91B614FB000E92DD7 /* Frameworks */,
				68DD0FDA1B614FB000E92DD7 /* CopyFiles */,
			);
			buildRules = (
			);
			dependencies = (
			);
			name = JuegoAdivinaTexto;
			productName = JuegoAdivinaTexto;
			productReference = 68DD0FDC1B614FB000E92DD7 /* JuegoAdivinaTexto */;
			productType = "com.apple.product-type.tool";
		};
/* End PBXNativeTarget section */

/* Begin PBXProject section */
		68DD0FD41B614FB000E92DD7 /* Project object */ = {
			isa = PBXProject;
			attributes = {
				LastUpgradeCheck = 0640;
				ORGANIZATIONNAME = "Alberto Pacheco";
				TargetAttributes = {
					68DD0FDB1B614FB000E92DD7 = {
						CreatedOnToolsVersion = 6.4;
					};
				};
			};
			buildConfigurationList = 68DD0FD71B614FB000E92DD7 /* Build configuration list for PBXProject "JuegoAdivinaTexto" */;
			compatibilityVersion = "Xcode 3.2";
			developmentRegion = English;
			hasScannedForEncodings = 0;
			knownRegions = (
				en,
			);
			mainGroup = 68DD0FD31B614FB000E92DD7;
			productRefGroup = 68DD0FDD1B614FB000E92DD7 /* Products */;
			projectDirPath = "";
			projectRoot = "";
			targets = (
				68DD0FDB1B614FB000E92DD7 /* JuegoAdivinaTexto */,
			);
		};
/* End PBXProject section */

/* Begin PBXSourcesBuildPhase section */
		68DD0FD81B614FB000E92DD7 /* Sources */ = {
			isa = PBXSourcesBuildPhase;
			buildActionMask = 2147483647;
			files = (
				68DD0FE71B614FE200E92DD7 /* LibreriaDelJuego.swift in Sources */,
				68DD0FE01B614FB000E92DD7 /* main.swift in Sources */,
			);
			runOnlyForDeploymentPostprocessing = 0;
		};
/* End PBXSourcesBuildPhase section */

/* Begin XCBuildConfiguration section */
		68DD0FE11B614FB000E92DD7 /* Debug */ = {
			isa = XCBuildConfiguration;
			buildSettings = {
				ALWAYS_SEARCH_USER_PATHS = NO;
				CLANG_CXX_LANGUAGE_STANDARD = "gnu++0x";
				CLANG_CXX_LIBRARY = "libc++";
				CLANG_ENABLE_MODULES = YES;
				CLANG_ENABLE_OBJC_ARC = YES;
				CLANG_WARN_BOOL_CONVERSION = YES;
				CLANG_WARN_CONSTANT_CONVERSION = YES;
				CLANG_WARN_DIRECT_OBJC_ISA_USAGE = YES_ERROR;
				CLANG_WARN_EMPTY_BODY = YES;
				CLANG_WARN_ENUM_CONVERSION = YES;
				CLANG_WARN_INT_CONVERSION = YES;
				CLANG_WARN_OBJC_ROOT_CLASS = YES_ERROR;
				CLANG_WARN_UNREACHABLE_CODE = YES;
				CLANG_WARN__DUPLICATE_METHOD_MATCH = YES;
				COPY_PHASE_STRIP = NO;
				DEBUG_INFORMATION_FORMAT = dwarf;
				ENABLE_STRICT_OBJC_MSGSEND = YES;
				GCC_C_LANGUAGE_STANDARD = gnu99;
				GCC_DYNAMIC_NO_PIC = NO;
				GCC_NO_COMMON_BLOCKS = YES;
				GCC_OPTIMIZATION_LEVEL = 0;
				GCC_PREPROCESSOR_DEFINITIONS = (
					"DEBUG=1",
					"$(inherited)",
				);
				GCC_SYMBOLS_PRIVATE_EXTERN = NO;
				GCC_WARN_64_TO_32_BIT_CONVERSION = YES;
				GCC_WARN_ABOUT_RETURN_TYPE = YES_ERROR;
				GCC_WARN_UNDECLARED_SELECTOR = YES;
				GCC_WARN_UNINITIALIZED_AUTOS = YES_AGGRESSIVE;
				GCC_WARN_UNUSED_FUNCTION = YES;
				GCC_WARN_UNUSED_VARIABLE = YES;
				MACOSX_DEPLOYMENT_TARGET = 10.10;
				MTL_ENABLE_DEBUG_INFO = YES;
				ONLY_ACTIVE_ARCH = YES;
				SDKROOT = macosx;
				SWIFT_OPTIMIZATION_LEVEL = "-Onone";
			};
			name = Debug;
		};
		68DD0FE21B614FB000E92DD7 /* Release */ = {
			isa = XCBuildConfiguration;
			buildSettings = {
				ALWAYS_SEARCH_USER_PATHS = NO;
				CLANG_CXX_LANGUAGE_STANDARD = "gnu++0x";
				CLANG_CXX_LIBRARY = "libc++";
				CLANG_ENABLE_MODULES = YES;
				CLANG_ENABLE_OBJC_ARC = YES;
				CLANG_WARN_BOOL_CONVERSION = YES;
				CLANG_WARN_CONSTANT_CONVERSION = YES;
				CLANG_WARN_DIRECT_OBJC_ISA_USAGE = YES_ERROR;
				CLANG_WARN_EMPTY_BODY = YES;
				CLANG_WARN_ENUM_CONVERSION = YES;
				CLANG_WARN_INT_CONVERSION = YES;
				CLANG_WARN_OBJC_ROOT_CLASS = YES_ERROR;
				CLANG_WARN_UNREACHABLE_CODE = YES;
				CLANG_WARN__DUPLICATE_METHOD_MATCH = YES;
				COPY_PHASE_STRIP = NO;
				DEBUG_INFORMATION_FORMAT = "dwarf-with-dsym";
				ENABLE_NS_ASSERTIONS = NO;
				ENABLE_STRICT_OBJC_MSGSEND = YES;
				GCC_C_LANGUAGE_STANDARD = gnu99;
				GCC_NO_COMMON_BLOCKS = YES;
				GCC_WARN_64_TO_32_BIT_CONVERSION = YES;
				GCC_WARN_ABOUT_RETURN_TYPE = YES_ERROR;
				GCC_WARN_UNDECLARED_SELECTOR = YES;
				GCC_WARN_UNINITIALIZED_AUTOS = YES_AGGRESSIVE;
				GCC_WARN_UNUSED_FUNCTION = YES;
				GCC_WARN_UNUSED_VARIABLE = YES;
				MACOSX_DEPLOYMENT_TARGET = 10.10;
				MTL_ENABLE_DEBUG_INFO = NO;
				SDKROOT = macosx;
			};
			name = Release;
		};
		68DD0FE41B614FB000E92DD7 /* Debug */ = {
			isa = XCBuildConfiguration;
			buildSettings = {
				PRODUCT_NAME = "$(TARGET_NAME)";
			};
			name = Debug;
		};
		68DD0FE51B614FB000E92DD7 /* Release */ = {
			isa = XCBuildConfiguration;
			buildSettings = {
				PRODUCT_NAME = "$(TARGET_NAME)";
			};
			name = Release;
		};
/* End XCBuildConfiguration section */

/* Begin XCConfigurationList section */
		68DD0FD71B614FB000E92DD7 /* Build configuration list for PBXProject "JuegoAdivinaTexto" */ = {
			isa = XCConfigurationList;
			buildConfigurations = (
				68DD0FE11B614FB000E92DD7 /* Debug */,
				68DD0FE21B614FB000E92DD7 /* Release */,
			);
			defaultConfigurationIsVisible = 0;
			defaultConfigurationName = Release;
		};
		68DD0FE31B614FB000E92DD7 /* Build configuration list for PBXNativeTarget "JuegoAdivinaTexto" */ = {
			isa = XCConfigurationList;
			buildConfigurations = (
				68DD0FE41B614FB000E92DD7 /* Debug */,
				68DD0FE51B614FB000E92DD7 /* Release */,
			);
			defaultConfigurationIsVisible = 0;
		};
/* End XCConfigurationList section */
	};
	rootObject = 68DD0FD41B614FB000E92DD7 /* Project object */;
}
